
Microsoft Visual Studio Solution File, Format Version 12.00
# Visual Studio Version 17
VisualStudioVersion = 17.9.34607.119
MinimumVisualStudioVersion = 10.0.40219.1
Project("{9A19103F-16F7-4668-BE54-9A1E7A4F7556}") = "Sequencer", "Sequencer\Sequencer.csproj", "{01D49960-5BD9-484D-BF84-97DA918C9A95}"
EndProject
Project("{FAE04EC0-301F-11D3-BF4B-00C04F79EFBC}") = "PluginBase", "PluginBase\PluginBase.csproj", "{C18F960D-F569-4A32-A1A3-A77DA64CC9E4}"
EndProject
Global
	GlobalSection(SolutionConfigurationPlatforms) = preSolution
		Debug|Any CPU = Debug|Any CPU
		Release|Any CPU = Release|Any CPU
	EndGlobalSection
	GlobalSection(ProjectConfigurationPlatforms) = postSolution
		{01D49960-5BD9-484D-BF84-97DA918C9A95}.Debug|Any CPU.ActiveCfg = Debug|Any CPU
		{01D49960-5BD9-484D-BF84-97DA918C9A95}.Debug|Any CPU.Build.0 = Debug|Any CPU
		{01D49960-5BD9-484D-BF84-97DA918C9A95}.Release|Any CPU.ActiveCfg = Release|Any CPU
		{01D49960-5BD9-484D-BF84-97DA918C9A95}.Release|Any CPU.Build.0 = Release|Any CPU
		{C18F960D-F569-4A32-A1A3-A77DA64CC9E4}.Debug|Any CPU.ActiveCfg = Debug|Any CPU
		{C18F960D-F569-4A32-A1A3-A77DA64CC9E4}.Debug|Any CPU.Build.0 = Debug|Any CPU
		{C18F960D-F569-4A32-A1A3-A77DA64CC9E4}.Release|Any CPU.ActiveCfg = Release|Any CPU
		{C18F960D-F569-4A32-A1A3-A77DA64CC9E4}.Release|Any CPU.Build.0 = Release|Any CPU
	EndGlobalSection
	GlobalSection(SolutionProperties) = preSolution
		HideSolutionNode = FALSE
	EndGlobalSection
	GlobalSection(ExtensibilityGlobals) = postSolution
		SolutionGuid = {9EB62EB3-515E-42FC-A67F-8AD9472C5E80}
	EndGlobalSection
EndGlobal
