
Microsoft Visual Studio Solution File, Format Version 12.00
# Visual Studio Version 17
VisualStudioVersion = 17.9.34607.119
MinimumVisualStudioVersion = 10.0.40219.1
Project("{9A19103F-16F7-4668-BE54-9A1E7A4F7556}") = "Sequencer", "Sequencer\Sequencer.csproj", "{01D49960-5BD9-484D-BF84-97DA918C9A95}"
EndProject
Project("{9A19103F-16F7-4668-BE54-9A1E7A4F7556}") = "PluginBase", "PluginBase\PluginBase.csproj", "{C18F960D-F569-4A32-A1A3-A77DA64CC9E4}"
EndProject
Project("{2150E333-8FDC-42A3-9474-1A3956D46DE8}") = "Plugins", "Plugins", "{B69C7331-2E2E-431B-A742-F58E00C1C431}"
EndProject
Project("{9A19103F-16F7-4668-BE54-9A1E7A4F7556}") = "ExamplePluginPackage", "Plugins\ExamplePlugin\ExamplePluginPackage.csproj", "{216D7024-3678-485F-8347-1666222FB390}"
EndProject
Project("{9A19103F-16F7-4668-BE54-9A1E7A4F7556}") = "WeatherPlugin", "Plugins\WeatherPlugin\WeatherPlugin.csproj", "{9B8127B1-A3C9-46B8-9A63-4F087B330DA0}"
EndProject
Project("{9A19103F-16F7-4668-BE54-9A1E7A4F7556}") = "UserInputPlugin", "Plugins\UserInputPlugin\UserInputPlugin.csproj", "{6ECA0378-1AB9-4898-98A2-B00B607F9CB4}"
EndProject
Project("{9A19103F-16F7-4668-BE54-9A1E7A4F7556}") = "DebugOutputPlugin", "Plugins\DebugOutputPlugin\DebugOutputPlugin.csproj", "{D159E69C-6C2B-4B22-9AED-A06BFE31C5DE}"
EndProject
Project("{9A19103F-16F7-4668-BE54-9A1E7A4F7556}") = "OllamaPlugin", "Plugins\OllamaPlugin\OllamaPlugin.csproj", "{B76333DC-A11E-4835-97A8-27989B03117D}"
EndProject
Project("{9A19103F-16F7-4668-BE54-9A1E7A4F7556}") = "PiperPlugin", "Plugins\PiperOutputPlugin\PiperPlugin.csproj", "{1C35F0CD-D33A-402F-A8B2-8E128DDA24FE}"
EndProject
Project("{FAE04EC0-301F-11D3-BF4B-00C04F79EFBC}") = "BahnPlugin", "Plugins\BahnPlugin\BahnPlugin.csproj", "{63E334B5-5B6A-465E-919E-103F174CB337}"
EndProject
Project("{FAE04EC0-301F-11D3-BF4B-00C04F79EFBC}") = "SharesPlugin", "Plugins\SharesPlugin\SharesPlugin.csproj", "{6A9624A1-71E3-42D3-9671-2861384551B3}"
EndProject
Project("{FAE04EC0-301F-11D3-BF4B-00C04F79EFBC}") = "NewsPlugin", "Plugins\NewsPlugin\NewsPlugin.csproj", "{4AAEE893-35BA-485B-9BFD-411F4BF7F72F}"
EndProject
Project("{FAE04EC0-301F-11D3-BF4B-00C04F79EFBC}") = "CalendarPlugin", "Plugins\CalendarPlugin\CalendarPlugin.csproj", "{C8DAE6C1-BB91-4BAB-AE61-DA415AD4977A}"
EndProject
Project("{FAE04EC0-301F-11D3-BF4B-00C04F79EFBC}") = "DishPlugin", "Plugins\DishPlugin\DishPlugin.csproj", "{BC627552-3464-429C-8A4B-CA675796A121}"
EndProject
Project("{FAE04EC0-301F-11D3-BF4B-00C04F79EFBC}") = "PlacesPlugin", "Plugins\PlacesPlugin\PlacesPlugin.csproj", "{560C55C9-CEFD-4793-8DB6-5FC0C3EF237C}"
EndProject
Global
	GlobalSection(SolutionConfigurationPlatforms) = preSolution
		Debug|Any CPU = Debug|Any CPU
		Release|Any CPU = Release|Any CPU
	EndGlobalSection
	GlobalSection(ProjectConfigurationPlatforms) = postSolution
		{01D49960-5BD9-484D-BF84-97DA918C9A95}.Debug|Any CPU.ActiveCfg = Debug|Any CPU
		{01D49960-5BD9-484D-BF84-97DA918C9A95}.Debug|Any CPU.Build.0 = Debug|Any CPU
		{01D49960-5BD9-484D-BF84-97DA918C9A95}.Release|Any CPU.ActiveCfg = Release|Any CPU
		{01D49960-5BD9-484D-BF84-97DA918C9A95}.Release|Any CPU.Build.0 = Release|Any CPU
		{C18F960D-F569-4A32-A1A3-A77DA64CC9E4}.Debug|Any CPU.ActiveCfg = Debug|Any CPU
		{C18F960D-F569-4A32-A1A3-A77DA64CC9E4}.Debug|Any CPU.Build.0 = Debug|Any CPU
		{C18F960D-F569-4A32-A1A3-A77DA64CC9E4}.Release|Any CPU.ActiveCfg = Release|Any CPU
		{C18F960D-F569-4A32-A1A3-A77DA64CC9E4}.Release|Any CPU.Build.0 = Release|Any CPU
		{216D7024-3678-485F-8347-1666222FB390}.Debug|Any CPU.ActiveCfg = Debug|Any CPU
		{216D7024-3678-485F-8347-1666222FB390}.Debug|Any CPU.Build.0 = Debug|Any CPU
		{216D7024-3678-485F-8347-1666222FB390}.Release|Any CPU.ActiveCfg = Release|Any CPU
		{216D7024-3678-485F-8347-1666222FB390}.Release|Any CPU.Build.0 = Release|Any CPU
		{9B8127B1-A3C9-46B8-9A63-4F087B330DA0}.Debug|Any CPU.ActiveCfg = Debug|Any CPU
		{9B8127B1-A3C9-46B8-9A63-4F087B330DA0}.Debug|Any CPU.Build.0 = Debug|Any CPU
		{9B8127B1-A3C9-46B8-9A63-4F087B330DA0}.Release|Any CPU.ActiveCfg = Release|Any CPU
		{9B8127B1-A3C9-46B8-9A63-4F087B330DA0}.Release|Any CPU.Build.0 = Release|Any CPU
		{63E334B5-5B6A-465E-919E-103F174CB337}.Debug|Any CPU.ActiveCfg = Debug|Any CPU
		{63E334B5-5B6A-465E-919E-103F174CB337}.Debug|Any CPU.Build.0 = Debug|Any CPU
		{63E334B5-5B6A-465E-919E-103F174CB337}.Release|Any CPU.ActiveCfg = Release|Any CPU
		{63E334B5-5B6A-465E-919E-103F174CB337}.Release|Any CPU.Build.0 = Release|Any CPU
		{6ECA0378-1AB9-4898-98A2-B00B607F9CB4}.Debug|Any CPU.ActiveCfg = Debug|Any CPU
		{6ECA0378-1AB9-4898-98A2-B00B607F9CB4}.Debug|Any CPU.Build.0 = Debug|Any CPU
		{6ECA0378-1AB9-4898-98A2-B00B607F9CB4}.Release|Any CPU.ActiveCfg = Release|Any CPU
		{6ECA0378-1AB9-4898-98A2-B00B607F9CB4}.Release|Any CPU.Build.0 = Release|Any CPU
		{D159E69C-6C2B-4B22-9AED-A06BFE31C5DE}.Debug|Any CPU.ActiveCfg = Debug|Any CPU
		{D159E69C-6C2B-4B22-9AED-A06BFE31C5DE}.Debug|Any CPU.Build.0 = Debug|Any CPU
		{D159E69C-6C2B-4B22-9AED-A06BFE31C5DE}.Release|Any CPU.ActiveCfg = Release|Any CPU
		{D159E69C-6C2B-4B22-9AED-A06BFE31C5DE}.Release|Any CPU.Build.0 = Release|Any CPU
		{B76333DC-A11E-4835-97A8-27989B03117D}.Debug|Any CPU.ActiveCfg = Debug|Any CPU
		{B76333DC-A11E-4835-97A8-27989B03117D}.Debug|Any CPU.Build.0 = Debug|Any CPU
		{B76333DC-A11E-4835-97A8-27989B03117D}.Release|Any CPU.ActiveCfg = Release|Any CPU
		{B76333DC-A11E-4835-97A8-27989B03117D}.Release|Any CPU.Build.0 = Release|Any CPU
		{1C35F0CD-D33A-402F-A8B2-8E128DDA24FE}.Debug|Any CPU.ActiveCfg = Debug|Any CPU
		{1C35F0CD-D33A-402F-A8B2-8E128DDA24FE}.Debug|Any CPU.Build.0 = Debug|Any CPU
		{1C35F0CD-D33A-402F-A8B2-8E128DDA24FE}.Release|Any CPU.ActiveCfg = Release|Any CPU
		{1C35F0CD-D33A-402F-A8B2-8E128DDA24FE}.Release|Any CPU.Build.0 = Release|Any CPU
		{6A9624A1-71E3-42D3-9671-2861384551B3}.Debug|Any CPU.ActiveCfg = Debug|Any CPU
		{6A9624A1-71E3-42D3-9671-2861384551B3}.Debug|Any CPU.Build.0 = Debug|Any CPU
		{6A9624A1-71E3-42D3-9671-2861384551B3}.Release|Any CPU.ActiveCfg = Release|Any CPU
		{6A9624A1-71E3-42D3-9671-2861384551B3}.Release|Any CPU.Build.0 = Release|Any CPU
		{4AAEE893-35BA-485B-9BFD-411F4BF7F72F}.Debug|Any CPU.ActiveCfg = Debug|Any CPU
		{4AAEE893-35BA-485B-9BFD-411F4BF7F72F}.Debug|Any CPU.Build.0 = Debug|Any CPU
		{4AAEE893-35BA-485B-9BFD-411F4BF7F72F}.Release|Any CPU.ActiveCfg = Release|Any CPU
		{4AAEE893-35BA-485B-9BFD-411F4BF7F72F}.Release|Any CPU.Build.0 = Release|Any CPU
		{C8DAE6C1-BB91-4BAB-AE61-DA415AD4977A}.Debug|Any CPU.ActiveCfg = Debug|Any CPU
		{C8DAE6C1-BB91-4BAB-AE61-DA415AD4977A}.Debug|Any CPU.Build.0 = Debug|Any CPU
		{C8DAE6C1-BB91-4BAB-AE61-DA415AD4977A}.Release|Any CPU.ActiveCfg = Release|Any CPU
		{C8DAE6C1-BB91-4BAB-AE61-DA415AD4977A}.Release|Any CPU.Build.0 = Release|Any CPU
		{BC627552-3464-429C-8A4B-CA675796A121}.Debug|Any CPU.ActiveCfg = Debug|Any CPU
		{BC627552-3464-429C-8A4B-CA675796A121}.Debug|Any CPU.Build.0 = Debug|Any CPU
		{BC627552-3464-429C-8A4B-CA675796A121}.Release|Any CPU.ActiveCfg = Release|Any CPU
		{BC627552-3464-429C-8A4B-CA675796A121}.Release|Any CPU.Build.0 = Release|Any CPU
		{560C55C9-CEFD-4793-8DB6-5FC0C3EF237C}.Debug|Any CPU.ActiveCfg = Debug|Any CPU
		{560C55C9-CEFD-4793-8DB6-5FC0C3EF237C}.Debug|Any CPU.Build.0 = Debug|Any CPU
		{560C55C9-CEFD-4793-8DB6-5FC0C3EF237C}.Release|Any CPU.ActiveCfg = Release|Any CPU
		{560C55C9-CEFD-4793-8DB6-5FC0C3EF237C}.Release|Any CPU.Build.0 = Release|Any CPU
	EndGlobalSection
	GlobalSection(SolutionProperties) = preSolution
		HideSolutionNode = FALSE
	EndGlobalSection
	GlobalSection(NestedProjects) = preSolution
		{216D7024-3678-485F-8347-1666222FB390} = {B69C7331-2E2E-431B-A742-F58E00C1C431}
		{9B8127B1-A3C9-46B8-9A63-4F087B330DA0} = {B69C7331-2E2E-431B-A742-F58E00C1C431}
		{63E334B5-5B6A-465E-919E-103F174CB337} = {B69C7331-2E2E-431B-A742-F58E00C1C431}
		{6ECA0378-1AB9-4898-98A2-B00B607F9CB4} = {B69C7331-2E2E-431B-A742-F58E00C1C431}
		{D159E69C-6C2B-4B22-9AED-A06BFE31C5DE} = {B69C7331-2E2E-431B-A742-F58E00C1C431}
		{B76333DC-A11E-4835-97A8-27989B03117D} = {B69C7331-2E2E-431B-A742-F58E00C1C431}
		{1C35F0CD-D33A-402F-A8B2-8E128DDA24FE} = {B69C7331-2E2E-431B-A742-F58E00C1C431}
		{6A9624A1-71E3-42D3-9671-2861384551B3} = {B69C7331-2E2E-431B-A742-F58E00C1C431}
		{4AAEE893-35BA-485B-9BFD-411F4BF7F72F} = {B69C7331-2E2E-431B-A742-F58E00C1C431}
		{C8DAE6C1-BB91-4BAB-AE61-DA415AD4977A} = {B69C7331-2E2E-431B-A742-F58E00C1C431}
		{BC627552-3464-429C-8A4B-CA675796A121} = {B69C7331-2E2E-431B-A742-F58E00C1C431}
		{560C55C9-CEFD-4793-8DB6-5FC0C3EF237C} = {B69C7331-2E2E-431B-A742-F58E00C1C431}
	EndGlobalSection
	GlobalSection(ExtensibilityGlobals) = postSolution
		SolutionGuid = {9EB62EB3-515E-42FC-A67F-8AD9472C5E80}
	EndGlobalSection
EndGlobal
